
Microsoft Visual Studio Solution File, Format Version 12.00
# Visual Studio Version 17
VisualStudioVersion = 17.5.002.0
MinimumVisualStudioVersion = 10.0.40219.1
Project("{9A19103F-16F7-4668-BE54-9A1E7A4F7556}") = "BILLETERA", "BILLETERA.csproj", "{671D76DF-0E1A-47FA-9888-4F147E3291BD}"
EndProject
Global
	GlobalSection(SolutionConfigurationPlatforms) = preSolution
		Debug|Any CPU = Debug|Any CPU
		Release|Any CPU = Release|Any CPU
	EndGlobalSection
	GlobalSection(ProjectConfigurationPlatforms) = postSolution
		{671D76DF-0E1A-47FA-9888-4F147E3291BD}.Debug|Any CPU.ActiveCfg = Debug|Any CPU
		{671D76DF-0E1A-47FA-9888-4F147E3291BD}.Debug|Any CPU.Build.0 = Debug|Any CPU
		{671D76DF-0E1A-47FA-9888-4F147E3291BD}.Release|Any CPU.ActiveCfg = Release|Any CPU
		{671D76DF-0E1A-47FA-9888-4F147E3291BD}.Release|Any CPU.Build.0 = Release|Any CPU
	EndGlobalSection
	GlobalSection(SolutionProperties) = preSolution
		HideSolutionNode = FALSE
	EndGlobalSection
	GlobalSection(ExtensibilityGlobals) = postSolution
		SolutionGuid = {1587835D-161A-45BA-BB09-C86F1C444B49}
	EndGlobalSection
EndGlobal
